
Microsoft Visual Studio Solution File, Format Version 12.00
# Visual Studio Version 16
VisualStudioVersion = 16.0.29613.14
MinimumVisualStudioVersion = 10.0.40219.1
Project("{FAE04EC0-301F-11D3-BF4B-00C04F79EFBC}") = "DiceGame", "DiceGame\DiceGame.csproj", "{9F99F2F8-805B-4CDA-8B91-152425E809C8}"
EndProject
Project("{9A19103F-16F7-4668-BE54-9A1E7A4F7556}") = "DiceGameLibrary", "DiceGameLibrary\DiceGameLibrary.csproj", "{D0ABC158-3E8C-4B95-A4B1-687DCCDEB1F4}"
EndProject
Project("{FAE04EC0-301F-11D3-BF4B-00C04F79EFBC}") = "Server", "Server\Server.csproj", "{A6DB58E8-7D6D-45E7-9904-C3767AAED290}"
EndProject
Global
	GlobalSection(SolutionConfigurationPlatforms) = preSolution
		Debug|Any CPU = Debug|Any CPU
		Release|Any CPU = Release|Any CPU
	EndGlobalSection
	GlobalSection(ProjectConfigurationPlatforms) = postSolution
		{9F99F2F8-805B-4CDA-8B91-152425E809C8}.Debug|Any CPU.ActiveCfg = Debug|Any CPU
		{9F99F2F8-805B-4CDA-8B91-152425E809C8}.Debug|Any CPU.Build.0 = Debug|Any CPU
		{9F99F2F8-805B-4CDA-8B91-152425E809C8}.Release|Any CPU.ActiveCfg = Release|Any CPU
		{9F99F2F8-805B-4CDA-8B91-152425E809C8}.Release|Any CPU.Build.0 = Release|Any CPU
		{D0ABC158-3E8C-4B95-A4B1-687DCCDEB1F4}.Debug|Any CPU.ActiveCfg = Debug|Any CPU
		{D0ABC158-3E8C-4B95-A4B1-687DCCDEB1F4}.Debug|Any CPU.Build.0 = Debug|Any CPU
		{D0ABC158-3E8C-4B95-A4B1-687DCCDEB1F4}.Release|Any CPU.ActiveCfg = Release|Any CPU
		{D0ABC158-3E8C-4B95-A4B1-687DCCDEB1F4}.Release|Any CPU.Build.0 = Release|Any CPU
		{A6DB58E8-7D6D-45E7-9904-C3767AAED290}.Debug|Any CPU.ActiveCfg = Debug|Any CPU
		{A6DB58E8-7D6D-45E7-9904-C3767AAED290}.Debug|Any CPU.Build.0 = Debug|Any CPU
		{A6DB58E8-7D6D-45E7-9904-C3767AAED290}.Release|Any CPU.ActiveCfg = Release|Any CPU
		{A6DB58E8-7D6D-45E7-9904-C3767AAED290}.Release|Any CPU.Build.0 = Release|Any CPU
	EndGlobalSection
	GlobalSection(SolutionProperties) = preSolution
		HideSolutionNode = FALSE
	EndGlobalSection
	GlobalSection(ExtensibilityGlobals) = postSolution
		SolutionGuid = {132A45AA-0D76-4EFB-97C2-425845530D4F}
	EndGlobalSection
EndGlobal
